
Microsoft Visual Studio Solution File, Format Version 12.00
# Visual Studio Version 17
VisualStudioVersion = 17.4.33213.308
MinimumVisualStudioVersion = 10.0.40219.1
Project("{8BC9CEB8-8B4A-11D0-8D11-00A0C91BC942}") = "15843-82P", "15843-82P.vcxproj", "{8F1D4FC5-076E-42F6-8605-3CA08C1A59AD}"
EndProject
Global
	GlobalSection(SolutionConfigurationPlatforms) = preSolution
		Debug|x64 = Debug|x64
		Debug|x86 = Debug|x86
		Release|x64 = Release|x64
		Release|x86 = Release|x86
	EndGlobalSection
	GlobalSection(ProjectConfigurationPlatforms) = postSolution
		{8F1D4FC5-076E-42F6-8605-3CA08C1A59AD}.Debug|x64.ActiveCfg = Debug|x64
		{8F1D4FC5-076E-42F6-8605-3CA08C1A59AD}.Debug|x64.Build.0 = Debug|x64
		{8F1D4FC5-076E-42F6-8605-3CA08C1A59AD}.Debug|x86.ActiveCfg = Debug|Win32
		{8F1D4FC5-076E-42F6-8605-3CA08C1A59AD}.Debug|x86.Build.0 = Debug|Win32
		{8F1D4FC5-076E-42F6-8605-3CA08C1A59AD}.Release|x64.ActiveCfg = Release|x64
		{8F1D4FC5-076E-42F6-8605-3CA08C1A59AD}.Release|x64.Build.0 = Release|x64
		{8F1D4FC5-076E-42F6-8605-3CA08C1A59AD}.Release|x86.ActiveCfg = Release|Win32
		{8F1D4FC5-076E-42F6-8605-3CA08C1A59AD}.Release|x86.Build.0 = Release|Win32
	EndGlobalSection
	GlobalSection(SolutionProperties) = preSolution
		HideSolutionNode = FALSE
	EndGlobalSection
	GlobalSection(ExtensibilityGlobals) = postSolution
		SolutionGuid = {1CC79325-A462-4500-AA44-273F26F28D8B}
	EndGlobalSection
EndGlobal
